<?xml version="1.0" encoding="utf-8"?>
<Project ToolsVersion="4.0" xmlns="http://schemas.microsoft.com/developer/msbuild/2003">
  <ItemGroup>
    <Filter Include="Proto">
      <UniqueIdentifier>{8E3F9A82-E7C6-4B3D-9F2A-6D5C4E8B7A91}</UniqueIdentifier>
    </Filter>
  </ItemGroup>
  <ItemGroup>
    <ClInclude Include="ProtobufServer.h" />
  </ItemGroup>
  <ItemGroup>
    <ClCompile Include="ProtobufServer.cpp" />
    <ClCompile Include="main.cpp" />
  </ItemGroup>
  <ItemGroup>
    <None Include="Proto\game_message.proto">
      <Filter>Proto</Filter>
    </None>
  </ItemGroup>
</Project>

