<?xml version="1.0" encoding="utf-8"?>
<Project ToolsVersion="4.0" xmlns="http://schemas.microsoft.com/developer/msbuild/2003">
  <ItemGroup>
    <Filter Include="Core">
      <UniqueIdentifier>{4FC737F1-C7A5-4376-A066-2A32D752A2FF}</UniqueIdentifier>
    </Filter>
    <Filter Include="Network">
      <UniqueIdentifier>{93995380-89BD-4b04-88EB-625FBE52EBFB}</UniqueIdentifier>
    </Filter>
    <Filter Include="Session">
      <UniqueIdentifier>{67DA6AB6-F800-4c08-8B7A-83BB121AAD01}</UniqueIdentifier>
    </Filter>
    <Filter Include="Buffer">
      <UniqueIdentifier>{D9D6E242-F8AF-46E0-B068-4A8B2B3C7A45}</UniqueIdentifier>
    </Filter>
    <Filter Include="Utils">
      <UniqueIdentifier>{2DAB880B-99B4-4D20-A9F3-3D6C95D0F7C0}</UniqueIdentifier>
    </Filter>
  </ItemGroup>
  <ItemGroup>
    <ClInclude Include="Platform.h" />
    <ClInclude Include="Types.h" />
    <ClInclude Include="KanchoNet.h" />
    <ClInclude Include="Core\NetworkEngine.h">
      <Filter>Core</Filter>
    </ClInclude>
    <ClInclude Include="Core\INetworkModel.h">
      <Filter>Core</Filter>
    </ClInclude>
    <ClInclude Include="Core\EngineConfig.h">
      <Filter>Core</Filter>
    </ClInclude>
    <ClInclude Include="Network\IOCPModel.h">
      <Filter>Network</Filter>
    </ClInclude>
    <ClInclude Include="Network\RIOModel.h">
      <Filter>Network</Filter>
    </ClInclude>
    <ClInclude Include="Network\EpollModel.h">
      <Filter>Network</Filter>
    </ClInclude>
    <ClInclude Include="Network\IOUringModel.h">
      <Filter>Network</Filter>
    </ClInclude>
    <ClInclude Include="Network\SocketUtils.h">
      <Filter>Network</Filter>
    </ClInclude>
    <ClInclude Include="Session\Session.h">
      <Filter>Session</Filter>
    </ClInclude>
    <ClInclude Include="Session\SessionManager.h">
      <Filter>Session</Filter>
    </ClInclude>
    <ClInclude Include="Session\SessionConfig.h">
      <Filter>Session</Filter>
    </ClInclude>
    <ClInclude Include="Buffer\PacketBuffer.h">
      <Filter>Buffer</Filter>
    </ClInclude>
    <ClInclude Include="Buffer\RingBuffer.h">
      <Filter>Buffer</Filter>
    </ClInclude>
    <ClInclude Include="Buffer\BufferPool.h">
      <Filter>Buffer</Filter>
    </ClInclude>
    <ClInclude Include="Utils\NonCopyable.h">
      <Filter>Utils</Filter>
    </ClInclude>
    <ClInclude Include="Utils\SpinLock.h">
      <Filter>Utils</Filter>
    </ClInclude>
    <ClInclude Include="Utils\Logger.h">
      <Filter>Utils</Filter>
    </ClInclude>
  </ItemGroup>
  <ItemGroup>
    <ClCompile Include="Core\NetworkEngine.cpp">
      <Filter>Core</Filter>
    </ClCompile>
    <ClCompile Include="Core\EngineConfig.cpp">
      <Filter>Core</Filter>
    </ClCompile>
    <ClCompile Include="Network\IOCPModel.cpp">
      <Filter>Network</Filter>
    </ClCompile>
    <ClCompile Include="Network\RIOModel.cpp">
      <Filter>Network</Filter>
    </ClCompile>
    <ClCompile Include="Network\EpollModel.cpp">
      <Filter>Network</Filter>
    </ClCompile>
    <ClCompile Include="Network\IOUringModel.cpp">
      <Filter>Network</Filter>
    </ClCompile>
    <ClCompile Include="Network\SocketUtils.cpp">
      <Filter>Network</Filter>
    </ClCompile>
    <ClCompile Include="Session\Session.cpp">
      <Filter>Session</Filter>
    </ClCompile>
    <ClCompile Include="Session\SessionManager.cpp">
      <Filter>Session</Filter>
    </ClCompile>
    <ClCompile Include="Session\SessionConfig.cpp">
      <Filter>Session</Filter>
    </ClCompile>
    <ClCompile Include="Buffer\PacketBuffer.cpp">
      <Filter>Buffer</Filter>
    </ClCompile>
    <ClCompile Include="Buffer\RingBuffer.cpp">
      <Filter>Buffer</Filter>
    </ClCompile>
    <ClCompile Include="Buffer\BufferPool.cpp">
      <Filter>Buffer</Filter>
    </ClCompile>
    <ClCompile Include="Utils\SpinLock.cpp">
      <Filter>Utils</Filter>
    </ClCompile>
    <ClCompile Include="Utils\Logger.cpp">
      <Filter>Utils</Filter>
    </ClCompile>
  </ItemGroup>
</Project>

